{
  "name": "object-randomizer",
  "version": "1.0.0",
  "lockfileVersion": 2,
  "requires": true,
  "packages": {
    "": {
      "name": "object-randomizer",
      "version": "1.0.0",
      "license": "ISC",
      "dependencies": {
        "moment": "^2.30.1",
        "uuid": "^9.0.1"
      },
      "devDependencies": {
        "@types/moment": "^2.13.0",
        "@types/uuid": "^9.0.8",
        "typescript": "^5.4.3"
      }
    },
    "node_modules/@types/moment": {
      "version": "2.13.0",
      "resolved": "https://registry.npmjs.org/@types/moment/-/moment-2.13.0.tgz",
      "integrity": "sha512-DyuyYGpV6r+4Z1bUznLi/Y7HpGn4iQ4IVcGn8zrr1P4KotKLdH0sbK1TFR6RGyX6B+G8u83wCzL+bpawKU/hdQ==",
      "deprecated": "This is a stub types definition for Moment (https://github.com/moment/moment). Moment provides its own type definitions, so you don't need @types/moment installed!",
      "dev": true,
      "dependencies": {
        "moment": "*"
      }
    },
    "node_modules/@types/uuid": {
      "version": "9.0.8",
      "resolved": "https://registry.npmjs.org/@types/uuid/-/uuid-9.0.8.tgz",
      "integrity": "sha512-jg+97EGIcY9AGHJJRaaPVgetKDsrTgbRjQ5Msgjh/DQKEFl0DtyRr/VCOyD1T2R1MNeWPK/u7JoGhlDZnKBAfA==",
      "dev": true
    },
    "node_modules/moment": {
      "version": "2.30.1",
      "resolved": "https://registry.npmjs.org/moment/-/moment-2.30.1.tgz",
      "integrity": "sha512-uEmtNhbDOrWPFS+hdjFCBfy9f2YoyzRpwcl+DqpC6taX21FzsTLQVbMV/W7PzNSX6x/bhC1zA3c2UQ5NzH6how==",
      "engines": {
        "node": "*"
      }
    },
    "node_modules/typescript": {
      "version": "5.4.3",
      "resolved": "https://registry.npmjs.org/typescript/-/typescript-5.4.3.tgz",
      "integrity": "sha512-KrPd3PKaCLr78MalgiwJnA25Nm8HAmdwN3mYUYZgG/wizIo9EainNVQI9/yDavtVFRN2h3k8uf3GLHuhDMgEHg==",
      "dev": true,
      "bin": {
        "tsc": "bin/tsc",
        "tsserver": "bin/tsserver"
      },
      "engines": {
        "node": ">=14.17"
      }
    },
    "node_modules/uuid": {
      "version": "9.0.1",
      "resolved": "https://registry.npmjs.org/uuid/-/uuid-9.0.1.tgz",
      "integrity": "sha512-b+1eJOlsR9K8HJpow9Ok3fiWOWSIcIzXodvv0rQjVoOVNpWMpxf1wZNpt4y9h10odCNrqnYp1OBzRktckBe3sA==",
      "funding": [
        "https://github.com/sponsors/broofa",
        "https://github.com/sponsors/ctavan"
      ],
      "bin": {
        "uuid": "dist/bin/uuid"
      }
    }
  },
  "dependencies": {
    "@types/moment": {
      "version": "2.13.0",
      "resolved": "https://registry.npmjs.org/@types/moment/-/moment-2.13.0.tgz",
      "integrity": "sha512-DyuyYGpV6r+4Z1bUznLi/Y7HpGn4iQ4IVcGn8zrr1P4KotKLdH0sbK1TFR6RGyX6B+G8u83wCzL+bpawKU/hdQ==",
      "dev": true,
      "requires": {
        "moment": "*"
      }
    },
    "@types/uuid": {
      "version": "9.0.8",
      "resolved": "https://registry.npmjs.org/@types/uuid/-/uuid-9.0.8.tgz",
      "integrity": "sha512-jg+97EGIcY9AGHJJRaaPVgetKDsrTgbRjQ5Msgjh/DQKEFl0DtyRr/VCOyD1T2R1MNeWPK/u7JoGhlDZnKBAfA==",
      "dev": true
    },
    "moment": {
      "version": "2.30.1",
      "resolved": "https://registry.npmjs.org/moment/-/moment-2.30.1.tgz",
      "integrity": "sha512-uEmtNhbDOrWPFS+hdjFCBfy9f2YoyzRpwcl+DqpC6taX21FzsTLQVbMV/W7PzNSX6x/bhC1zA3c2UQ5NzH6how=="
    },
    "typescript": {
      "version": "5.4.3",
      "resolved": "https://registry.npmjs.org/typescript/-/typescript-5.4.3.tgz",
      "integrity": "sha512-KrPd3PKaCLr78MalgiwJnA25Nm8HAmdwN3mYUYZgG/wizIo9EainNVQI9/yDavtVFRN2h3k8uf3GLHuhDMgEHg==",
      "dev": true
    },
    "uuid": {
      "version": "9.0.1",
      "resolved": "https://registry.npmjs.org/uuid/-/uuid-9.0.1.tgz",
      "integrity": "sha512-b+1eJOlsR9K8HJpow9Ok3fiWOWSIcIzXodvv0rQjVoOVNpWMpxf1wZNpt4y9h10odCNrqnYp1OBzRktckBe3sA=="
    }
  }
}
